
Microsoft Visual Studio Solution File, Format Version 12.00
# Visual Studio Version 17
VisualStudioVersion = 17.0.31903.59
MinimumVisualStudioVersion = 10.0.40219.1
Project("{2150E333-8FDC-42A3-9474-1A3956D46DE8}") = "src", "src", "{E0E6D3FA-E7E2-45AE-8BD9-C4FB3B501FDA}"
EndProject
Project("{FAE04EC0-301F-11D3-BF4B-00C04F79EFBC}") = "ApuRealEstate.wpf", "src\ApuRealEstate.Wpf\ApuRealEstate.wpf.csproj", "{A757BD87-EA55-4021-AAD0-37207D0C8F01}"
EndProject
Global
	GlobalSection(SolutionConfigurationPlatforms) = preSolution
		Debug|Any CPU = Debug|Any CPU
		Release|Any CPU = Release|Any CPU
	EndGlobalSection
	GlobalSection(SolutionProperties) = preSolution
		HideSolutionNode = FALSE
	EndGlobalSection
	GlobalSection(ProjectConfigurationPlatforms) = postSolution
		{A757BD87-EA55-4021-AAD0-37207D0C8F01}.Debug|Any CPU.ActiveCfg = Debug|Any CPU
		{A757BD87-EA55-4021-AAD0-37207D0C8F01}.Debug|Any CPU.Build.0 = Debug|Any CPU
		{A757BD87-EA55-4021-AAD0-37207D0C8F01}.Release|Any CPU.ActiveCfg = Release|Any CPU
		{A757BD87-EA55-4021-AAD0-37207D0C8F01}.Release|Any CPU.Build.0 = Release|Any CPU
	EndGlobalSection
	GlobalSection(NestedProjects) = preSolution
		{A757BD87-EA55-4021-AAD0-37207D0C8F01} = {E0E6D3FA-E7E2-45AE-8BD9-C4FB3B501FDA}
	EndGlobalSection
EndGlobal
