
Microsoft Visual Studio Solution File, Format Version 12.00
# Visual Studio Version 17
VisualStudioVersion = 17.0.31903.59
MinimumVisualStudioVersion = 10.0.40219.1
Project("{2150E333-8FDC-42A3-9474-1A3956D46DE8}") = "src", "src", "{E0E6D3FA-E7E2-45AE-8BD9-C4FB3B501FDA}"
EndProject
Project("{FAE04EC0-301F-11D3-BF4B-00C04F79EFBC}") = "ApuRealEstate.Domain", "ApuRealEstate.Domain\ApuRealEstate.Domain.csproj", "{64363888-F1C0-4FDF-A604-20DC985232C7}"
EndProject
Project("{FAE04EC0-301F-11D3-BF4B-00C04F79EFBC}") = "ApuRealEstate.Wpf", "src\ApuRealEstate.Wpf\ApuRealEstate.Wpf.csproj", "{D74F7555-1A86-4909-AD88-87CAA4A33943}"
EndProject
Global
	GlobalSection(SolutionConfigurationPlatforms) = preSolution
		Debug|Any CPU = Debug|Any CPU
		Release|Any CPU = Release|Any CPU
	EndGlobalSection
	GlobalSection(ProjectConfigurationPlatforms) = postSolution
		{64363888-F1C0-4FDF-A604-20DC985232C7}.Debug|Any CPU.ActiveCfg = Debug|Any CPU
		{64363888-F1C0-4FDF-A604-20DC985232C7}.Debug|Any CPU.Build.0 = Debug|Any CPU
		{64363888-F1C0-4FDF-A604-20DC985232C7}.Release|Any CPU.ActiveCfg = Release|Any CPU
		{64363888-F1C0-4FDF-A604-20DC985232C7}.Release|Any CPU.Build.0 = Release|Any CPU
		{D74F7555-1A86-4909-AD88-87CAA4A33943}.Debug|Any CPU.ActiveCfg = Debug|Any CPU
		{D74F7555-1A86-4909-AD88-87CAA4A33943}.Debug|Any CPU.Build.0 = Debug|Any CPU
		{D74F7555-1A86-4909-AD88-87CAA4A33943}.Release|Any CPU.ActiveCfg = Release|Any CPU
		{D74F7555-1A86-4909-AD88-87CAA4A33943}.Release|Any CPU.Build.0 = Release|Any CPU
	EndGlobalSection
	GlobalSection(SolutionProperties) = preSolution
		HideSolutionNode = FALSE
	EndGlobalSection
	GlobalSection(NestedProjects) = preSolution
		{64363888-F1C0-4FDF-A604-20DC985232C7} = {E0E6D3FA-E7E2-45AE-8BD9-C4FB3B501FDA}
		{D74F7555-1A86-4909-AD88-87CAA4A33943} = {E0E6D3FA-E7E2-45AE-8BD9-C4FB3B501FDA}
	EndGlobalSection
	GlobalSection(ExtensibilityGlobals) = postSolution
		SolutionGuid = {88206A86-BC37-46F3-84D6-73FE8652486F}
	EndGlobalSection
EndGlobal
